
Microsoft Visual Studio Solution File, Format Version 12.00
# Visual Studio Version 17
VisualStudioVersion = 17.13.35825.156 d17.13
MinimumVisualStudioVersion = 10.0.40219.1
Project("{FAE04EC0-301F-11D3-BF4B-00C04F79EFBC}") = "Diablitech", "Diablitech.csproj", "{4AD86C51-B0AF-4F5F-88E0-13B0DBE4374F}"
EndProject
Global
	GlobalSection(SolutionConfigurationPlatforms) = preSolution
		Debug|Any CPU = Debug|Any CPU
		Release|Any CPU = Release|Any CPU
	EndGlobalSection
	GlobalSection(ProjectConfigurationPlatforms) = postSolution
		{4AD86C51-B0AF-4F5F-88E0-13B0DBE4374F}.Debug|Any CPU.ActiveCfg = Debug|Any CPU
		{4AD86C51-B0AF-4F5F-88E0-13B0DBE4374F}.Debug|Any CPU.Build.0 = Debug|Any CPU
		{4AD86C51-B0AF-4F5F-88E0-13B0DBE4374F}.Release|Any CPU.ActiveCfg = Release|Any CPU
		{4AD86C51-B0AF-4F5F-88E0-13B0DBE4374F}.Release|Any CPU.Build.0 = Release|Any CPU
	EndGlobalSection
	GlobalSection(SolutionProperties) = preSolution
		HideSolutionNode = FALSE
	EndGlobalSection
	GlobalSection(ExtensibilityGlobals) = postSolution
		SolutionGuid = {FB7DB86B-62A8-4C7A-9F3E-4B74F6B73102}
	EndGlobalSection
EndGlobal
