
Microsoft Visual Studio Solution File, Format Version 12.00
# Visual Studio Version 17
VisualStudioVersion = 17.14.37216.2 d17.14
MinimumVisualStudioVersion = 10.0.40219.1
Project("{FAE04EC0-301F-11D3-BF4B-00C04F79EFBC}") = "BioSynthetic - VRE Sanguophage Reimagined", "BioSynthetic - VRE Sanguophage Reimagined.csproj", "{687B94B6-5B87-4B1D-A350-8658C8EAACEF}"
EndProject
Global
	GlobalSection(SolutionConfigurationPlatforms) = preSolution
		Debug|Any CPU = Debug|Any CPU
		Release|Any CPU = Release|Any CPU
	EndGlobalSection
	GlobalSection(ProjectConfigurationPlatforms) = postSolution
		{687B94B6-5B87-4B1D-A350-8658C8EAACEF}.Debug|Any CPU.ActiveCfg = Debug|Any CPU
		{687B94B6-5B87-4B1D-A350-8658C8EAACEF}.Debug|Any CPU.Build.0 = Debug|Any CPU
		{687B94B6-5B87-4B1D-A350-8658C8EAACEF}.Release|Any CPU.ActiveCfg = Release|Any CPU
		{687B94B6-5B87-4B1D-A350-8658C8EAACEF}.Release|Any CPU.Build.0 = Release|Any CPU
	EndGlobalSection
	GlobalSection(SolutionProperties) = preSolution
		HideSolutionNode = FALSE
	EndGlobalSection
	GlobalSection(ExtensibilityGlobals) = postSolution
		SolutionGuid = {8FFB7A40-CFD1-4014-A4B1-6923275EFF10}
	EndGlobalSection
EndGlobal
