
Microsoft Visual Studio Solution File, Format Version 12.00
# Visual Studio Version 17
VisualStudioVersion = 17.14.37216.2 d17.14
MinimumVisualStudioVersion = 10.0.40219.1
Project("{FAE04EC0-301F-11D3-BF4B-00C04F79EFBC}") = "BioSynthetic - Vanilla Impid Reimagined", "BioSynthetic - Vanilla Impid Reimagined.csproj", "{F2A29AA3-01A8-47CA-AF41-22DDC4FD1A16}"
EndProject
Global
	GlobalSection(SolutionConfigurationPlatforms) = preSolution
		Debug|Any CPU = Debug|Any CPU
		Release|Any CPU = Release|Any CPU
	EndGlobalSection
	GlobalSection(ProjectConfigurationPlatforms) = postSolution
		{F2A29AA3-01A8-47CA-AF41-22DDC4FD1A16}.Debug|Any CPU.ActiveCfg = Debug|Any CPU
		{F2A29AA3-01A8-47CA-AF41-22DDC4FD1A16}.Debug|Any CPU.Build.0 = Debug|Any CPU
		{F2A29AA3-01A8-47CA-AF41-22DDC4FD1A16}.Release|Any CPU.ActiveCfg = Release|Any CPU
		{F2A29AA3-01A8-47CA-AF41-22DDC4FD1A16}.Release|Any CPU.Build.0 = Release|Any CPU
	EndGlobalSection
	GlobalSection(SolutionProperties) = preSolution
		HideSolutionNode = FALSE
	EndGlobalSection
	GlobalSection(ExtensibilityGlobals) = postSolution
		SolutionGuid = {DFE23CB1-47B0-41AB-A59F-E4F8532029CA}
	EndGlobalSection
EndGlobal
